PODS:
  - CombineRx (0.5.2):
    - RxCocoa (~> 5)
    - RxSwift (~> 5)
  - Nimble (8.0.4)
  - Quick (2.2.0)
  - RxCocoa (5.0.1):
    - RxRelay (~> 5)
    - RxSwift (~> 5)
  - RxRelay (5.0.1):
    - RxSwift (~> 5)
  - RxSwift (5.0.1)

DEPENDENCIES:
  - CombineRx (~> 0.5.2)
  - Nimble
  - Quick

SPEC REPOS:
  https://github.com/adamaszhu/CombineRxSpecs:
    - CombineRx
  https://github.com/cocoapods/specs.git:
    - Nimble
    - Quick
    - RxCocoa
    - RxRelay
    - RxSwift

SPEC CHECKSUMS:
  CombineRx: 314c83861956dcd43c03b5d1032dfccaf84ac254
  Nimble: 18d5360282923225d62b09d781f63abc1a0111fc
  Quick: 7fb19e13be07b5dfb3b90d4f9824c855a11af40e
  RxCocoa: e741b9749968e8a143e2b787f1dfbff2b63d0a5c
  RxRelay: 89d54507f4fd4d969e6ec1d4bd7f3673640b4640
  RxSwift: e2dc62b366a3adf6a0be44ba9f405efd4c94e0c4

PODFILE CHECKSUM: 960c8c078b81dfed8cd03424e34d78e7f008bf2e

COCOAPODS: 1.7.5
