PODS:
  - CombineRx (1.0.0):
    - RxCocoa (~> 5)
    - RxSwift (~> 5)
  - Nimble (8.0.4)
  - Quick (2.2.0)
  - RxCocoa (5.1.0):
    - RxRelay (~> 5)
    - RxSwift (~> 5)
  - RxRelay (5.1.0):
    - RxSwift (~> 5)
  - RxSwift (5.1.1)

DEPENDENCIES:
  - CombineRx (~> 1.0.0)
  - Nimble
  - Quick

SPEC REPOS:
  https://github.com/adamaszhu/CombineRxSpecs.git:
    - CombineRx
  https://github.com/CocoaPods/Specs.git:
    - Nimble
    - Quick
    - RxCocoa
    - RxRelay
    - RxSwift

SPEC CHECKSUMS:
  CombineRx: 1e184e2eb9e6c8897b90e91a6f6ddf384f2f6d4b
  Nimble: 18d5360282923225d62b09d781f63abc1a0111fc
  Quick: 7fb19e13be07b5dfb3b90d4f9824c855a11af40e
  RxCocoa: 13d2a4d7546a34b8ececae8c281e4ea1dbb94f2b
  RxRelay: a168bd6caf712d00c676ac344e9295afc93b418e
  RxSwift: 81470a2074fa8780320ea5fe4102807cb7118178

PODFILE CHECKSUM: 83bd6eb8da0adfa900c2e97ca82e3864711a334f

COCOAPODS: 1.8.4
